<?xml version="1.0" encoding="UTF-8" standalone="yes" ?>
<CodeBlocks_project_file>
	<FileVersion major="1" minor="6" />
	<Project>
		<Option title="BomberMan" />
		<Option pch_mode="2" />
		<Option compiler="gcc" />
		<Build>
			<Target title="Debug">
				<Option output="bin/Debug/BomberMan" prefix_auto="1" extension_auto="1" />
				<Option object_output="obj/Debug/" />
				<Option type="1" />
				<Option compiler="gcc" />
				<Compiler>
					<Add option="-g" />
					<Add directory="include" />
					<Add directory="SFML-2.5.1/include" />
				</Compiler>
				<Linker>
					<Add directory="SFML-2.5.1/lib" />
				</Linker>
			</Target>
			<Target title="Release">
				<Option output="bin/Release/BomberMan" prefix_auto="1" extension_auto="1" />
				<Option object_output="obj/Release/" />
				<Option type="1" />
				<Option compiler="gcc" />
				<Compiler>
					<Add option="-O2" />
					<Add directory="include" />
				</Compiler>
				<Linker>
					<Add option="-s" />
				</Linker>
			</Target>
		</Build>
		<Compiler>
			<Add option="-Wall" />
			<Add option="-fexceptions" />
		</Compiler>
		<Linker>
			<Add library="sfml-graphics" />
			<Add library="sfml-window" />
			<Add library="sfml-system" />
		</Linker>
		<Unit filename="include/About.h" />
		<Unit filename="include/Bomb.h" />
		<Unit filename="include/Explosion.h" />
		<Unit filename="include/Game.h" />
		<Unit filename="include/GameTile.h" />
		<Unit filename="include/GameWord.h" />
		<Unit filename="include/Life.h" />
		<Unit filename="include/Menu.h" />
		<Unit filename="include/Player.h" />
		<Unit filename="include/VictoryView.h" />
		<Unit filename="main.cpp" />
		<Unit filename="src/About.cpp" />
		<Unit filename="src/Bomb.cpp" />
		<Unit filename="src/Explosion.cpp" />
		<Unit filename="src/Game.cpp" />
		<Unit filename="src/GameTile.cpp" />
		<Unit filename="src/GameWord.cpp" />
		<Unit filename="src/Life.cpp" />
		<Unit filename="src/Menu.cpp" />
		<Unit filename="src/Player.cpp" />
		<Unit filename="src/VictoryView.cpp" />
		<Extensions />
	</Project>
</CodeBlocks_project_file>
